
Microsoft Visual Studio Solution File, Format Version 12.00
# Visual Studio Version 17
VisualStudioVersion = 17.14.36109.1 d17.14
MinimumVisualStudioVersion = 10.0.40219.1
Project("{FAE04EC0-301F-11D3-BF4B-00C04F79EFBC}") = "Mukomol_Praktik", "Mukomol_Praktik\Mukomol_Praktik.csproj", "{414D6238-73AF-4091-AF5D-C70347867595}"
EndProject
Global
	GlobalSection(SolutionConfigurationPlatforms) = preSolution
		Debug|Any CPU = Debug|Any CPU
		Release|Any CPU = Release|Any CPU
	EndGlobalSection
	GlobalSection(ProjectConfigurationPlatforms) = postSolution
		{414D6238-73AF-4091-AF5D-C70347867595}.Debug|Any CPU.ActiveCfg = Debug|Any CPU
		{414D6238-73AF-4091-AF5D-C70347867595}.Debug|Any CPU.Build.0 = Debug|Any CPU
		{414D6238-73AF-4091-AF5D-C70347867595}.Release|Any CPU.ActiveCfg = Release|Any CPU
		{414D6238-73AF-4091-AF5D-C70347867595}.Release|Any CPU.Build.0 = Release|Any CPU
	EndGlobalSection
	GlobalSection(SolutionProperties) = preSolution
		HideSolutionNode = FALSE
	EndGlobalSection
	GlobalSection(ExtensibilityGlobals) = postSolution
		SolutionGuid = {519FF421-0AD5-4829-9944-EB069C19247A}
	EndGlobalSection
EndGlobal
